
Microsoft Visual Studio Solution File, Format Version 12.00
# Visual Studio Version 17
VisualStudioVersion = 17.8.34316.72
MinimumVisualStudioVersion = 10.0.40219.1
Project("{8BC9CEB8-8B4A-11D0-8D11-00A0C91BC942}") = "Lenovo DMI Decryptor", "Lenovo DMI Decryptor\Lenovo DMI Decryptor.vcxproj", "{B057D22F-E243-4620-8A0A-50E193B1BA95}"
EndProject
Global
	GlobalSection(SolutionConfigurationPlatforms) = preSolution
		Debug|x64 = Debug|x64
		Debug|x86 = Debug|x86
		Release|x64 = Release|x64
		Release|x86 = Release|x86
	EndGlobalSection
	GlobalSection(ProjectConfigurationPlatforms) = postSolution
		{B057D22F-E243-4620-8A0A-50E193B1BA95}.Debug|x64.ActiveCfg = Debug|x64
		{B057D22F-E243-4620-8A0A-50E193B1BA95}.Debug|x64.Build.0 = Debug|x64
		{B057D22F-E243-4620-8A0A-50E193B1BA95}.Debug|x86.ActiveCfg = Debug|Win32
		{B057D22F-E243-4620-8A0A-50E193B1BA95}.Debug|x86.Build.0 = Debug|Win32
		{B057D22F-E243-4620-8A0A-50E193B1BA95}.Release|x64.ActiveCfg = Release|x64
		{B057D22F-E243-4620-8A0A-50E193B1BA95}.Release|x64.Build.0 = Release|x64
		{B057D22F-E243-4620-8A0A-50E193B1BA95}.Release|x86.ActiveCfg = Release|Win32
		{B057D22F-E243-4620-8A0A-50E193B1BA95}.Release|x86.Build.0 = Release|Win32
	EndGlobalSection
	GlobalSection(SolutionProperties) = preSolution
		HideSolutionNode = FALSE
	EndGlobalSection
	GlobalSection(ExtensibilityGlobals) = postSolution
		SolutionGuid = {B0312F20-605A-454A-B9EB-E4F326B72C24}
	EndGlobalSection
EndGlobal
