
Microsoft Visual Studio Solution File, Format Version 12.00
# Visual Studio Version 17
VisualStudioVersion = 17.9.34622.214
MinimumVisualStudioVersion = 10.0.40219.1
Project("{8BC9CEB8-8B4A-11D0-8D11-00A0C91BC942}") = "LENV", "LENV\LENV.vcxproj", "{187FB6B0-21E3-4708-9CFF-1ED6E6F3274A}"
EndProject
Global
	GlobalSection(SolutionConfigurationPlatforms) = preSolution
		Debug|x64 = Debug|x64
		Debug|x86 = Debug|x86
		Release|x64 = Release|x64
		Release|x86 = Release|x86
	EndGlobalSection
	GlobalSection(ProjectConfigurationPlatforms) = postSolution
		{187FB6B0-21E3-4708-9CFF-1ED6E6F3274A}.Debug|x64.ActiveCfg = Debug|x64
		{187FB6B0-21E3-4708-9CFF-1ED6E6F3274A}.Debug|x64.Build.0 = Debug|x64
		{187FB6B0-21E3-4708-9CFF-1ED6E6F3274A}.Debug|x86.ActiveCfg = Debug|Win32
		{187FB6B0-21E3-4708-9CFF-1ED6E6F3274A}.Debug|x86.Build.0 = Debug|Win32
		{187FB6B0-21E3-4708-9CFF-1ED6E6F3274A}.Release|x64.ActiveCfg = Release|x64
		{187FB6B0-21E3-4708-9CFF-1ED6E6F3274A}.Release|x64.Build.0 = Release|x64
		{187FB6B0-21E3-4708-9CFF-1ED6E6F3274A}.Release|x86.ActiveCfg = Release|Win32
		{187FB6B0-21E3-4708-9CFF-1ED6E6F3274A}.Release|x86.Build.0 = Release|Win32
	EndGlobalSection
	GlobalSection(SolutionProperties) = preSolution
		HideSolutionNode = FALSE
	EndGlobalSection
	GlobalSection(ExtensibilityGlobals) = postSolution
		SolutionGuid = {5A03B9A7-4298-4DE1-8109-9CAFA8566FBB}
	EndGlobalSection
EndGlobal
